// !$*UTF8*$!
{
	archiveVersion = 1;
	classes = {
	};
	objectVersion = 50;
	objects = {

/* Begin PBXBuildFile section */
		CE9E8BFD220960E400A476AA /* AppDelegate.swift in Sources */ = {isa = PBXBuildFile; fileRef = CE9E8BFC220960E400A476AA /* AppDelegate.swift */; };
		CE9E8BFF220960E400A476AA /* ViewController.swift in Sources */ = {isa = PBXBuildFile; fileRef = CE9E8BFE220960E400A476AA /* ViewController.swift */; };
		CE9E8C02220960E400A476AA /* Main.storyboard in Resources */ = {isa = PBXBuildFile; fileRef = CE9E8C00220960E400A476AA /* Main.storyboard */; };
		CE9E8C04220960F200A476AA /* Assets.xcassets in Resources */ = {isa = PBXBuildFile; fileRef = CE9E8C03220960F200A476AA /* Assets.xcassets */; };
		CE9E8C07220960F200A476AA /* LaunchScreen.storyboard in Resources */ = {isa = PBXBuildFile; fileRef = CE9E8C05220960F200A476AA /* LaunchScreen.storyboard */; };
		CE9E8C12220960F200A476AA /* shoppingTests.swift in Sources */ = {isa = PBXBuildFile; fileRef = CE9E8C11220960F200A476AA /* shoppingTests.swift */; };
		CE9E8C1D220960F200A476AA /* shoppingUITests.swift in Sources */ = {isa = PBXBuildFile; fileRef = CE9E8C1C220960F200A476AA /* shoppingUITests.swift */; };
		CE9E8C2B220961EE00A476AA /* MyCollectionViewCell.swift in Sources */ = {isa = PBXBuildFile; fileRef = CE9E8C2A220961EE00A476AA /* MyCollectionViewCell.swift */; };
		CE9E8C2D220966ED00A476AA /* MyTableViewController.swift in Sources */ = {isa = PBXBuildFile; fileRef = CE9E8C2C220966ED00A476AA /* MyTableViewController.swift */; };
/* End PBXBuildFile section */

/* Begin PBXContainerItemProxy section */
		CE9E8C0E220960F200A476AA /* PBXContainerItemProxy */ = {
			isa = PBXContainerItemProxy;
			containerPortal = CE9E8BF1220960E400A476AA /* Project object */;
			proxyType = 1;
			remoteGlobalIDString = CE9E8BF8220960E400A476AA;
			remoteInfo = shopping;
		};
		CE9E8C19220960F200A476AA /* PBXContainerItemProxy */ = {
			isa = PBXContainerItemProxy;
			containerPortal = CE9E8BF1220960E400A476AA /* Project object */;
			proxyType = 1;
			remoteGlobalIDString = CE9E8BF8220960E400A476AA;
			remoteInfo = shopping;
		};
/* End PBXContainerItemProxy section */

/* Begin PBXFileReference section */
		CE9E8BF9220960E400A476AA /* shopping.app */ = {isa = PBXFileReference; explicitFileType = wrapper.application; includeInIndex = 0; path = shopping.app; sourceTree = BUILT_PRODUCTS_DIR; };
		CE9E8BFC220960E400A476AA /* AppDelegate.swift */ = {isa = PBXFileReference; lastKnownFileType = sourcecode.swift; path = AppDelegate.swift; sourceTree = "<group>"; };
		CE9E8BFE220960E400A476AA /* ViewController.swift */ = {isa = PBXFileReference; lastKnownFileType = sourcecode.swift; path = ViewController.swift; sourceTree = "<group>"; };
		CE9E8C01220960E400A476AA /* Base */ = {isa = PBXFileReference; lastKnownFileType = file.storyboard; name = Base; path = Base.lproj/Main.storyboard; sourceTree = "<group>"; };
		CE9E8C03220960F200A476AA /* Assets.xcassets */ = {isa = PBXFileReference; lastKnownFileType = folder.assetcatalog; path = Assets.xcassets; sourceTree = "<group>"; };
		CE9E8C06220960F200A476AA /* Base */ = {isa = PBXFileReference; lastKnownFileType = file.storyboard; name = Base; path = Base.lproj/LaunchScreen.storyboard; sourceTree = "<group>"; };
		CE9E8C08220960F200A476AA /* Info.plist */ = {isa = PBXFileReference; lastKnownFileType = text.plist.xml; path = Info.plist; sourceTree = "<group>"; };
		CE9E8C0D220960F200A476AA /* shoppingTests.xctest */ = {isa = PBXFileReference; explicitFileType = wrapper.cfbundle; includeInIndex = 0; path = shoppingTests.xctest; sourceTree = BUILT_PRODUCTS_DIR; };
		CE9E8C11220960F200A476AA /* shoppingTests.swift */ = {isa = PBXFileReference; lastKnownFileType = sourcecode.swift; path = shoppingTests.swift; sourceTree = "<group>"; };
		CE9E8C13220960F200A476AA /* Info.plist */ = {isa = PBXFileReference; lastKnownFileType = text.plist.xml; path = Info.plist; sourceTree = "<group>"; };
		CE9E8C18220960F200A476AA /* shoppingUITests.xctest */ = {isa = PBXFileReference; explicitFileType = wrapper.cfbundle; includeInIndex = 0; path = shoppingUITests.xctest; sourceTree = BUILT_PRODUCTS_DIR; };
		CE9E8C1C220960F200A476AA /* shoppingUITests.swift */ = {isa = PBXFileReference; lastKnownFileType = sourcecode.swift; path = shoppingUITests.swift; sourceTree = "<group>"; };
		CE9E8C1E220960F200A476AA /* Info.plist */ = {isa = PBXFileReference; lastKnownFileType = text.plist.xml; path = Info.plist; sourceTree = "<group>"; };
		CE9E8C2A220961EE00A476AA /* MyCollectionViewCell.swift */ = {isa = PBXFileReference; lastKnownFileType = sourcecode.swift; path = MyCollectionViewCell.swift; sourceTree = "<group>"; };
		CE9E8C2C220966ED00A476AA /* MyTableViewController.swift */ = {isa = PBXFileReference; lastKnownFileType = sourcecode.swift; path = MyTableViewController.swift; sourceTree = "<group>"; };
/* End PBXFileReference section */

/* Begin PBXFrameworksBuildPhase section */
		CE9E8BF6220960E400A476AA /* Frameworks */ = {
			isa = PBXFrameworksBuildPhase;
			buildActionMask = 2147483647;
			files = (
			);
			runOnlyForDeploymentPostprocessing = 0;
		};
		CE9E8C0A220960F200A476AA /* Frameworks */ = {
			isa = PBXFrameworksBuildPhase;
			buildActionMask = 2147483647;
			files = (
			);
			runOnlyForDeploymentPostprocessing = 0;
		};
		CE9E8C15220960F200A476AA /* Frameworks */ = {
			isa = PBXFrameworksBuildPhase;
			buildActionMask = 2147483647;
			files = (
			);
			runOnlyForDeploymentPostprocessing = 0;
		};
/* End PBXFrameworksBuildPhase section */

/* Begin PBXGroup section */
		CE9E8BF0220960E400A476AA = {
			isa = PBXGroup;
			children = (
				CE9E8BFB220960E400A476AA /* shopping */,
				CE9E8C10220960F200A476AA /* shoppingTests */,
				CE9E8C1B220960F200A476AA /* shoppingUITests */,
				CE9E8BFA220960E400A476AA /* Products */,
			);
			sourceTree = "<group>";
		};
		CE9E8BFA220960E400A476AA /* Products */ = {
			isa = PBXGroup;
			children = (
				CE9E8BF9220960E400A476AA /* shopping.app */,
				CE9E8C0D220960F200A476AA /* shoppingTests.xctest */,
				CE9E8C18220960F200A476AA /* shoppingUITests.xctest */,
			);
			name = Products;
			sourceTree = "<group>";
		};
		CE9E8BFB220960E400A476AA /* shopping */ = {
			isa = PBXGroup;
			children = (
				CE9E8BFC220960E400A476AA /* AppDelegate.swift */,
				CE9E8BFE220960E400A476AA /* ViewController.swift */,
				CE9E8C00220960E400A476AA /* Main.storyboard */,
				CE9E8C2C220966ED00A476AA /* MyTableViewController.swift */,
				CE9E8C2A220961EE00A476AA /* MyCollectionViewCell.swift */,
				CE9E8C03220960F200A476AA /* Assets.xcassets */,
				CE9E8C05220960F200A476AA /* LaunchScreen.storyboard */,
				CE9E8C08220960F200A476AA /* Info.plist */,
			);
			path = shopping;
			sourceTree = "<group>";
		};
		CE9E8C10220960F200A476AA /* shoppingTests */ = {
			isa = PBXGroup;
			children = (
				CE9E8C11220960F200A476AA /* shoppingTests.swift */,
				CE9E8C13220960F200A476AA /* Info.plist */,
			);
			path = shoppingTests;
			sourceTree = "<group>";
		};
		CE9E8C1B220960F200A476AA /* shoppingUITests */ = {
			isa = PBXGroup;
			children = (
				CE9E8C1C220960F200A476AA /* shoppingUITests.swift */,
				CE9E8C1E220960F200A476AA /* Info.plist */,
			);
			path = shoppingUITests;
			sourceTree = "<group>";
		};
/* End PBXGroup section */

/* Begin PBXNativeTarget section */
		CE9E8BF8220960E400A476AA /* shopping */ = {
			isa = PBXNativeTarget;
			buildConfigurationList = CE9E8C21220960F200A476AA /* Build configuration list for PBXNativeTarget "shopping" */;
			buildPhases = (
				CE9E8BF5220960E400A476AA /* Sources */,
				CE9E8BF6220960E400A476AA /* Frameworks */,
				CE9E8BF7220960E400A476AA /* Resources */,
			);
			buildRules = (
			);
			dependencies = (
			);
			name = shopping;
			productName = shopping;
			productReference = CE9E8BF9220960E400A476AA /* shopping.app */;
			productType = "com.apple.product-type.application";
		};
		CE9E8C0C220960F200A476AA /* shoppingTests */ = {
			isa = PBXNativeTarget;
			buildConfigurationList = CE9E8C24220960F200A476AA /* Build configuration list for PBXNativeTarget "shoppingTests" */;
			buildPhases = (
				CE9E8C09220960F200A476AA /* Sources */,
				CE9E8C0A220960F200A476AA /* Frameworks */,
				CE9E8C0B220960F200A476AA /* Resources */,
			);
			buildRules = (
			);
			dependencies = (
				CE9E8C0F220960F200A476AA /* PBXTargetDependency */,
			);
			name = shoppingTests;
			productName = shoppingTests;
			productReference = CE9E8C0D220960F200A476AA /* shoppingTests.xctest */;
			productType = "com.apple.product-type.bundle.unit-test";
		};
		CE9E8C17220960F200A476AA /* shoppingUITests */ = {
			isa = PBXNativeTarget;
			buildConfigurationList = CE9E8C27220960F200A476AA /* Build configuration list for PBXNativeTarget "shoppingUITests" */;
			buildPhases = (
				CE9E8C14220960F200A476AA /* Sources */,
				CE9E8C15220960F200A476AA /* Frameworks */,
				CE9E8C16220960F200A476AA /* Resources */,
			);
			buildRules = (
			);
			dependencies = (
				CE9E8C1A220960F200A476AA /* PBXTargetDependency */,
			);
			name = shoppingUITests;
			productName = shoppingUITests;
			productReference = CE9E8C18220960F200A476AA /* shoppingUITests.xctest */;
			productType = "com.apple.product-type.bundle.ui-testing";
		};
/* End PBXNativeTarget section */

/* Begin PBXProject section */
		CE9E8BF1220960E400A476AA /* Project object */ = {
			isa = PBXProject;
			attributes = {
				LastSwiftUpdateCheck = 1010;
				LastUpgradeCheck = 1010;
				ORGANIZATIONNAME = g87;
				TargetAttributes = {
					CE9E8BF8220960E400A476AA = {
						CreatedOnToolsVersion = 10.1;
					};
					CE9E8C0C220960F200A476AA = {
						CreatedOnToolsVersion = 10.1;
						TestTargetID = CE9E8BF8220960E400A476AA;
					};
					CE9E8C17220960F200A476AA = {
						CreatedOnToolsVersion = 10.1;
						TestTargetID = CE9E8BF8220960E400A476AA;
					};
				};
			};
			buildConfigurationList = CE9E8BF4220960E400A476AA /* Build configuration list for PBXProject "shopping" */;
			compatibilityVersion = "Xcode 9.3";
			developmentRegion = en;
			hasScannedForEncodings = 0;
			knownRegions = (
				en,
				Base,
			);
			mainGroup = CE9E8BF0220960E400A476AA;
			productRefGroup = CE9E8BFA220960E400A476AA /* Products */;
			projectDirPath = "";
			projectRoot = "";
			targets = (
				CE9E8BF8220960E400A476AA /* shopping */,
				CE9E8C0C220960F200A476AA /* shoppingTests */,
				CE9E8C17220960F200A476AA /* shoppingUITests */,
			);
		};
/* End PBXProject section */

/* Begin PBXResourcesBuildPhase section */
		CE9E8BF7220960E400A476AA /* Resources */ = {
			isa = PBXResourcesBuildPhase;
			buildActionMask = 2147483647;
			files = (
				CE9E8C07220960F200A476AA /* LaunchScreen.storyboard in Resources */,
				CE9E8C04220960F200A476AA /* Assets.xcassets in Resources */,
				CE9E8C02220960E400A476AA /* Main.storyboard in Resources */,
			);
			runOnlyForDeploymentPostprocessing = 0;
		};
		CE9E8C0B220960F200A476AA /* Resources */ = {
			isa = PBXResourcesBuildPhase;
			buildActionMask = 2147483647;
			files = (
			);
			runOnlyForDeploymentPostprocessing = 0;
		};
		CE9E8C16220960F200A476AA /* Resources */ = {
			isa = PBXResourcesBuildPhase;
			buildActionMask = 2147483647;
			files = (
			);
			runOnlyForDeploymentPostprocessing = 0;
		};
/* End PBXResourcesBuildPhase section */

/* Begin PBXSourcesBuildPhase section */
		CE9E8BF5220960E400A476AA /* Sources */ = {
			isa = PBXSourcesBuildPhase;
			buildActionMask = 2147483647;
			files = (
				CE9E8BFF220960E400A476AA /* ViewController.swift in Sources */,
				CE9E8BFD220960E400A476AA /* AppDelegate.swift in Sources */,
				CE9E8C2B220961EE00A476AA /* MyCollectionViewCell.swift in Sources */,
				CE9E8C2D220966ED00A476AA /* MyTableViewController.swift in Sources */,
			);
			runOnlyForDeploymentPostprocessing = 0;
		};
		CE9E8C09220960F200A476AA /* Sources */ = {
			isa = PBXSourcesBuildPhase;
			buildActionMask = 2147483647;
			files = (
				CE9E8C12220960F200A476AA /* shoppingTests.swift in Sources */,
			);
			runOnlyForDeploymentPostprocessing = 0;
		};
		CE9E8C14220960F200A476AA /* Sources */ = {
			isa = PBXSourcesBuildPhase;
			buildActionMask = 2147483647;
			files = (
				CE9E8C1D220960F200A476AA /* shoppingUITests.swift in Sources */,
			);
			runOnlyForDeploymentPostprocessing = 0;
		};
/* End PBXSourcesBuildPhase section */

/* Begin PBXTargetDependency section */
		CE9E8C0F220960F200A476AA /* PBXTargetDependency */ = {
			isa = PBXTargetDependency;
			target = CE9E8BF8220960E400A476AA /* shopping */;
			targetProxy = CE9E8C0E220960F200A476AA /* PBXContainerItemProxy */;
		};
		CE9E8C1A220960F200A476AA /* PBXTargetDependency */ = {
			isa = PBXTargetDependency;
			target = CE9E8BF8220960E400A476AA /* shopping */;
			targetProxy = CE9E8C19220960F200A476AA /* PBXContainerItemProxy */;
		};
/* End PBXTargetDependency section */

/* Begin PBXVariantGroup section */
		CE9E8C00220960E400A476AA /* Main.storyboard */ = {
			isa = PBXVariantGroup;
			children = (
				CE9E8C01220960E400A476AA /* Base */,
			);
			name = Main.storyboard;
			sourceTree = "<group>";
		};
		CE9E8C05220960F200A476AA /* LaunchScreen.storyboard */ = {
			isa = PBXVariantGroup;
			children = (
				CE9E8C06220960F200A476AA /* Base */,
			);
			name = LaunchScreen.storyboard;
			sourceTree = "<group>";
		};
/* End PBXVariantGroup section */

/* Begin XCBuildConfiguration section */
		CE9E8C1F220960F200A476AA /* Debug */ = {
			isa = XCBuildConfiguration;
			buildSettings = {
				ALWAYS_SEARCH_USER_PATHS = NO;
				CLANG_ANALYZER_NONNULL = YES;
				CLANG_ANALYZER_NUMBER_OBJECT_CONVERSION = YES_AGGRESSIVE;
				CLANG_CXX_LANGUAGE_STANDARD = "gnu++14";
				CLANG_CXX_LIBRARY = "libc++";
				CLANG_ENABLE_MODULES = YES;
				CLANG_ENABLE_OBJC_ARC = YES;
				CLANG_ENABLE_OBJC_WEAK = YES;
				CLANG_WARN_BLOCK_CAPTURE_AUTORELEASING = YES;
				CLANG_WARN_BOOL_CONVERSION = YES;
				CLANG_WARN_COMMA = YES;
				CLANG_WARN_CONSTANT_CONVERSION = YES;
				CLANG_WARN_DEPRECATED_OBJC_IMPLEMENTATIONS = YES;
				CLANG_WARN_DIRECT_OBJC_ISA_USAGE = YES_ERROR;
				CLANG_WARN_DOCUMENTATION_COMMENTS = YES;
				CLANG_WARN_EMPTY_BODY = YES;
				CLANG_WARN_ENUM_CONVERSION = YES;
				CLANG_WARN_INFINITE_RECURSION = YES;
				CLANG_WARN_INT_CONVERSION = YES;
				CLANG_WARN_NON_LITERAL_NULL_CONVERSION = YES;
				CLANG_WARN_OBJC_IMPLICIT_RETAIN_SELF = YES;
				CLANG_WARN_OBJC_LITERAL_CONVERSION = YES;
				CLANG_WARN_OBJC_ROOT_CLASS = YES_ERROR;
				CLANG_WARN_RANGE_LOOP_ANALYSIS = YES;
				CLANG_WARN_STRICT_PROTOTYPES = YES;
				CLANG_WARN_SUSPICIOUS_MOVE = YES;
				CLANG_WARN_UNGUARDED_AVAILABILITY = YES_AGGRESSIVE;
				CLANG_WARN_UNREACHABLE_CODE = YES;
				CLANG_WARN__DUPLICATE_METHOD_MATCH = YES;
				CODE_SIGN_IDENTITY = "iPhone Developer";
				COPY_PHASE_STRIP = NO;
				DEBUG_INFORMATION_FORMAT = dwarf;
				ENABLE_STRICT_OBJC_MSGSEND = YES;
				ENABLE_TESTABILITY = YES;
				GCC_C_LANGUAGE_STANDARD = gnu11;
				GCC_DYNAMIC_NO_PIC = NO;
				GCC_NO_COMMON_BLOCKS = YES;
				GCC_OPTIMIZATION_LEVEL = 0;
				GCC_PREPROCESSOR_DEFINITIONS = (
					"DEBUG=1",
					"$(inherited)",
				);
				GCC_WARN_64_TO_32_BIT_CONVERSION = YES;
				GCC_WARN_ABOUT_RETURN_TYPE = YES_ERROR;
				GCC_WARN_UNDECLARED_SELECTOR = YES;
				GCC_WARN_UNINITIALIZED_AUTOS = YES_AGGRESSIVE;
				GCC_WARN_UNUSED_FUNCTION = YES;
				GCC_WARN_UNUSED_VARIABLE = YES;
				IPHONEOS_DEPLOYMENT_TARGET = 12.1;
				MTL_ENABLE_DEBUG_INFO = INCLUDE_SOURCE;
				MTL_FAST_MATH = YES;
				ONLY_ACTIVE_ARCH = YES;
				SDKROOT = iphoneos;
				SWIFT_ACTIVE_COMPILATION_CONDITIONS = DEBUG;
				SWIFT_OPTIMIZATION_LEVEL = "-Onone";
			};
			name = Debug;
		};
		CE9E8C20220960F200A476AA /* Release */ = {
			isa = XCBuildConfiguration;
			buildSettings = {
				ALWAYS_SEARCH_USER_PATHS = NO;
				CLANG_ANALYZER_NONNULL = YES;
				CLANG_ANALYZER_NUMBER_OBJECT_CONVERSION = YES_AGGRESSIVE;
				CLANG_CXX_LANGUAGE_STANDARD = "gnu++14";
				CLANG_CXX_LIBRARY = "libc++";
				CLANG_ENABLE_MODULES = YES;
				CLANG_ENABLE_OBJC_ARC = YES;
				CLANG_ENABLE_OBJC_WEAK = YES;
				CLANG_WARN_BLOCK_CAPTURE_AUTORELEASING = YES;
				CLANG_WARN_BOOL_CONVERSION = YES;
				CLANG_WARN_COMMA = YES;
				CLANG_WARN_CONSTANT_CONVERSION = YES;
				CLANG_WARN_DEPRECATED_OBJC_IMPLEMENTATIONS = YES;
				CLANG_WARN_DIRECT_OBJC_ISA_USAGE = YES_ERROR;
				CLANG_WARN_DOCUMENTATION_COMMENTS = YES;
				CLANG_WARN_EMPTY_BODY = YES;
				CLANG_WARN_ENUM_CONVERSION = YES;
				CLANG_WARN_INFINITE_RECURSION = YES;
				CLANG_WARN_INT_CONVERSION = YES;
				CLANG_WARN_NON_LITERAL_NULL_CONVERSION = YES;
				CLANG_WARN_OBJC_IMPLICIT_RETAIN_SELF = YES;
				CLANG_WARN_OBJC_LITERAL_CONVERSION = YES;
				CLANG_WARN_OBJC_ROOT_CLASS = YES_ERROR;
				CLANG_WARN_RANGE_LOOP_ANALYSIS = YES;
				CLANG_WARN_STRICT_PROTOTYPES = YES;
				CLANG_WARN_SUSPICIOUS_MOVE = YES;
				CLANG_WARN_UNGUARDED_AVAILABILITY = YES_AGGRESSIVE;
				CLANG_WARN_UNREACHABLE_CODE = YES;
				CLANG_WARN__DUPLICATE_METHOD_MATCH = YES;
				CODE_SIGN_IDENTITY = "iPhone Developer";
				COPY_PHASE_STRIP = NO;
				DEBUG_INFORMATION_FORMAT = "dwarf-with-dsym";
				ENABLE_NS_ASSERTIONS = NO;
				ENABLE_STRICT_OBJC_MSGSEND = YES;
				GCC_C_LANGUAGE_STANDARD = gnu11;
				GCC_NO_COMMON_BLOCKS = YES;
				GCC_WARN_64_TO_32_BIT_CONVERSION = YES;
				GCC_WARN_ABOUT_RETURN_TYPE = YES_ERROR;
				GCC_WARN_UNDECLARED_SELECTOR = YES;
				GCC_WARN_UNINITIALIZED_AUTOS = YES_AGGRESSIVE;
				GCC_WARN_UNUSED_FUNCTION = YES;
				GCC_WARN_UNUSED_VARIABLE = YES;
				IPHONEOS_DEPLOYMENT_TARGET = 12.1;
				MTL_ENABLE_DEBUG_INFO = NO;
				MTL_FAST_MATH = YES;
				SDKROOT = iphoneos;
				SWIFT_COMPILATION_MODE = wholemodule;
				SWIFT_OPTIMIZATION_LEVEL = "-O";
				VALIDATE_PRODUCT = YES;
			};
			name = Release;
		};
		CE9E8C22220960F200A476AA /* Debug */ = {
			isa = XCBuildConfiguration;
			buildSettings = {
				ASSETCATALOG_COMPILER_APPICON_NAME = AppIcon;
				CODE_SIGN_STYLE = Automatic;
				INFOPLIST_FILE = shopping/Info.plist;
				LD_RUNPATH_SEARCH_PATHS = (
					"$(inherited)",
					"@executable_path/Frameworks",
				);
				PRODUCT_BUNDLE_IDENTIFIER = g87.com.shopping;
				PRODUCT_NAME = "$(TARGET_NAME)";
				SWIFT_VERSION = 4.2;
				TARGETED_DEVICE_FAMILY = "1,2";
			};
			name = Debug;
		};
		CE9E8C23220960F200A476AA /* Release */ = {
			isa = XCBuildConfiguration;
			buildSettings = {
				ASSETCATALOG_COMPILER_APPICON_NAME = AppIcon;
				CODE_SIGN_STYLE = Automatic;
				INFOPLIST_FILE = shopping/Info.plist;
				LD_RUNPATH_SEARCH_PATHS = (
					"$(inherited)",
					"@executable_path/Frameworks",
				);
				PRODUCT_BUNDLE_IDENTIFIER = g87.com.shopping;
				PRODUCT_NAME = "$(TARGET_NAME)";
				SWIFT_VERSION = 4.2;
				TARGETED_DEVICE_FAMILY = "1,2";
			};
			name = Release;
		};
		CE9E8C25220960F200A476AA /* Debug */ = {
			isa = XCBuildConfiguration;
			buildSettings = {
				ALWAYS_EMBED_SWIFT_STANDARD_LIBRARIES = YES;
				BUNDLE_LOADER = "$(TEST_HOST)";
				CODE_SIGN_STYLE = Automatic;
				INFOPLIST_FILE = shoppingTests/Info.plist;
				LD_RUNPATH_SEARCH_PATHS = (
					"$(inherited)",
					"@executable_path/Frameworks",
					"@loader_path/Frameworks",
				);
				PRODUCT_BUNDLE_IDENTIFIER = g87.com.shoppingTests;
				PRODUCT_NAME = "$(TARGET_NAME)";
				SWIFT_VERSION = 4.2;
				TARGETED_DEVICE_FAMILY = "1,2";
				TEST_HOST = "$(BUILT_PRODUCTS_DIR)/shopping.app/shopping";
			};
			name = Debug;
		};
		CE9E8C26220960F200A476AA /* Release */ = {
			isa = XCBuildConfiguration;
			buildSettings = {
				ALWAYS_EMBED_SWIFT_STANDARD_LIBRARIES = YES;
				BUNDLE_LOADER = "$(TEST_HOST)";
				CODE_SIGN_STYLE = Automatic;
				INFOPLIST_FILE = shoppingTests/Info.plist;
				LD_RUNPATH_SEARCH_PATHS = (
					"$(inherited)",
					"@executable_path/Frameworks",
					"@loader_path/Frameworks",
				);
				PRODUCT_BUNDLE_IDENTIFIER = g87.com.shoppingTests;
				PRODUCT_NAME = "$(TARGET_NAME)";
				SWIFT_VERSION = 4.2;
				TARGETED_DEVICE_FAMILY = "1,2";
				TEST_HOST = "$(BUILT_PRODUCTS_DIR)/shopping.app/shopping";
			};
			name = Release;
		};
		CE9E8C28220960F200A476AA /* Debug */ = {
			isa = XCBuildConfiguration;
			buildSettings = {
				ALWAYS_EMBED_SWIFT_STANDARD_LIBRARIES = YES;
				CODE_SIGN_STYLE = Automatic;
				INFOPLIST_FILE = shoppingUITests/Info.plist;
				LD_RUNPATH_SEARCH_PATHS = (
					"$(inherited)",
					"@executable_path/Frameworks",
					"@loader_path/Frameworks",
				);
				PRODUCT_BUNDLE_IDENTIFIER = g87.com.shoppingUITests;
				PRODUCT_NAME = "$(TARGET_NAME)";
				SWIFT_VERSION = 4.2;
				TARGETED_DEVICE_FAMILY = "1,2";
				TEST_TARGET_NAME = shopping;
			};
			name = Debug;
		};
		CE9E8C29220960F200A476AA /* Release */ = {
			isa = XCBuildConfiguration;
			buildSettings = {
				ALWAYS_EMBED_SWIFT_STANDARD_LIBRARIES = YES;
				CODE_SIGN_STYLE = Automatic;
				INFOPLIST_FILE = shoppingUITests/Info.plist;
				LD_RUNPATH_SEARCH_PATHS = (
					"$(inherited)",
					"@executable_path/Frameworks",
					"@loader_path/Frameworks",
				);
				PRODUCT_BUNDLE_IDENTIFIER = g87.com.shoppingUITests;
				PRODUCT_NAME = "$(TARGET_NAME)";
				SWIFT_VERSION = 4.2;
				TARGETED_DEVICE_FAMILY = "1,2";
				TEST_TARGET_NAME = shopping;
			};
			name = Release;
		};
/* End XCBuildConfiguration section */

/* Begin XCConfigurationList section */
		CE9E8BF4220960E400A476AA /* Build configuration list for PBXProject "shopping" */ = {
			isa = XCConfigurationList;
			buildConfigurations = (
				CE9E8C1F220960F200A476AA /* Debug */,
				CE9E8C20220960F200A476AA /* Release */,
			);
			defaultConfigurationIsVisible = 0;
			defaultConfigurationName = Release;
		};
		CE9E8C21220960F200A476AA /* Build configuration list for PBXNativeTarget "shopping" */ = {
			isa = XCConfigurationList;
			buildConfigurations = (
				CE9E8C22220960F200A476AA /* Debug */,
				CE9E8C23220960F200A476AA /* Release */,
			);
			defaultConfigurationIsVisible = 0;
			defaultConfigurationName = Release;
		};
		CE9E8C24220960F200A476AA /* Build configuration list for PBXNativeTarget "shoppingTests" */ = {
			isa = XCConfigurationList;
			buildConfigurations = (
				CE9E8C25220960F200A476AA /* Debug */,
				CE9E8C26220960F200A476AA /* Release */,
			);
			defaultConfigurationIsVisible = 0;
			defaultConfigurationName = Release;
		};
		CE9E8C27220960F200A476AA /* Build configuration list for PBXNativeTarget "shoppingUITests" */ = {
			isa = XCConfigurationList;
			buildConfigurations = (
				CE9E8C28220960F200A476AA /* Debug */,
				CE9E8C29220960F200A476AA /* Release */,
			);
			defaultConfigurationIsVisible = 0;
			defaultConfigurationName = Release;
		};
/* End XCConfigurationList section */
	};
	rootObject = CE9E8BF1220960E400A476AA /* Project object */;
}
